{
  "name": "@argocrew/hemato-polymer",
  "version": "0.0.1",
  "lockfileVersion": 1,
  "requires": true,
  "dependencies": {
    "@polymer/lit-element": {
      "version": "0.5.2",
      "resolved": "https://registry.npmjs.org/@polymer/lit-element/-/lit-element-0.5.2.tgz",
      "integrity": "sha512-7v/UlqVO05YuFCxxtC7jpuMQuDiPxArO7gACHqZ3uFd9/BM9YTdktX3bKRTnKTFUaPuNWWoPGvpAe2WOQCH2Pw==",
      "requires": {
        "@polymer/polymer": "^3.0.2",
        "lit-html": "^0.10.0"
      }
    },
    "@polymer/polymer": {
      "version": "3.0.5",
      "resolved": "https://registry.npmjs.org/@polymer/polymer/-/polymer-3.0.5.tgz",
      "integrity": "sha512-Zbmhtr5vZ3NoHWwFYLKI4ff7yfE6DZopI8vaS7HvmUIuNqsv/EpEDXfNEYjqePQmkMX5LU9OIKV1eX/+9aveow==",
      "requires": {
        "@webcomponents/shadycss": "^1.2.0"
      }
    },
    "@vaadin/vaadin-upload": {
      "version": "github:vaadin/vaadin-upload#81377f3e75be29f4fc54b98dfdf01e5effd203e7",
      "from": "github:vaadin/vaadin-upload"
    },
    "@webcomponents/shadycss": {
      "version": "1.5.0",
      "resolved": "https://registry.npmjs.org/@webcomponents/shadycss/-/shadycss-1.5.0.tgz",
      "integrity": "sha512-jNuC7alo3EfiqZPosCruJuMAaUI9qgiuGxFcFyPWjOpo4BP+vgC7hxpTzQYxbIWUgrqkn9lnfPup2hE9c/h/PQ=="
    },
    "@webcomponents/webcomponentsjs": {
      "version": "2.0.4",
      "resolved": "https://registry.npmjs.org/@webcomponents/webcomponentsjs/-/webcomponentsjs-2.0.4.tgz",
      "integrity": "sha512-wzPSTmwjAd/0oKW36Yi+cB/BmDrHhcHqGlbqqMjrbPIFkt5Mw7wtvEZQouCrQyBNnRquUhRnSWIBrRijHNBBKg=="
    },
    "lit-html": {
      "version": "0.10.2",
      "resolved": "https://registry.npmjs.org/lit-html/-/lit-html-0.10.2.tgz",
      "integrity": "sha512-ue0pIX3Fj5gUsNSozdRQIb1MAgNqFQsHgvHE/FU34xyu9NN/af3EISr7Bb+vP9YeLXIA4vLLOoYp2Z22dVYhww=="
    }
  }
}
